{
  "originHash" : "2ffeb4d7d4428466b0ce09b22e86d396dd42dc89604ed02f74db5573f88ec6a4",
  "pins" : [
    {
      "identity" : "reactbridge",
      "kind" : "remoteSourceControl",
      "location" : "https://github.com/ikhvorost/ReactBridge.git",
      "state" : {
        "revision" : "030546fa672a275c164500025eed0f07e438f70f",
        "version" : "1.4.1"
      }
    },
    {
      "identity" : "swift-syntax",
      "kind" : "remoteSourceControl",
      "location" : "https://github.com/swiftlang/swift-syntax.git",
      "state" : {
        "revision" : "0687f71944021d616d34d922343dcef086855920",
        "version" : "600.0.1"
      }
    }
  ],
  "version" : 3
}
